
Microsoft Visual Studio Solution File, Format Version 12.00
# Visual Studio Version 17
VisualStudioVersion = 17.5.002.0
MinimumVisualStudioVersion = 10.0.40219.1
Project("{9A19103F-16F7-4668-BE54-9A1E7A4F7556}") = "aspdonet_endless", "aspdonet_endless.csproj", "{DE0EE5C0-DC68-4DDD-8872-631A7C042706}"
EndProject
Global
	GlobalSection(SolutionConfigurationPlatforms) = preSolution
		Debug|Any CPU = Debug|Any CPU
		Release|Any CPU = Release|Any CPU
	EndGlobalSection
	GlobalSection(ProjectConfigurationPlatforms) = postSolution
		{DE0EE5C0-DC68-4DDD-8872-631A7C042706}.Debug|Any CPU.ActiveCfg = Debug|Any CPU
		{DE0EE5C0-DC68-4DDD-8872-631A7C042706}.Debug|Any CPU.Build.0 = Debug|Any CPU
		{DE0EE5C0-DC68-4DDD-8872-631A7C042706}.Release|Any CPU.ActiveCfg = Release|Any CPU
		{DE0EE5C0-DC68-4DDD-8872-631A7C042706}.Release|Any CPU.Build.0 = Release|Any CPU
	EndGlobalSection
	GlobalSection(SolutionProperties) = preSolution
		HideSolutionNode = FALSE
	EndGlobalSection
	GlobalSection(ExtensibilityGlobals) = postSolution
		SolutionGuid = {43C40B60-2AE2-42CE-A1B6-D7628B90A55F}
	EndGlobalSection
EndGlobal
